
Microsoft Visual Studio Solution File, Format Version 12.00
# Visual Studio Version 17
VisualStudioVersion = 17.11.35303.130
MinimumVisualStudioVersion = 10.0.40219.1
Project("{FAE04EC0-301F-11D3-BF4B-00C04F79EFBC}") = "TodoAPI", "TodoAPI\TodoAPI.csproj", "{ABB0D3D9-6D9C-4054-899E-B182076B6FD0}"
EndProject
Global
	GlobalSection(SolutionConfigurationPlatforms) = preSolution
		Debug|Any CPU = Debug|Any CPU
		Release|Any CPU = Release|Any CPU
	EndGlobalSection
	GlobalSection(ProjectConfigurationPlatforms) = postSolution
		{ABB0D3D9-6D9C-4054-899E-B182076B6FD0}.Debug|Any CPU.ActiveCfg = Debug|Any CPU
		{ABB0D3D9-6D9C-4054-899E-B182076B6FD0}.Debug|Any CPU.Build.0 = Debug|Any CPU
		{ABB0D3D9-6D9C-4054-899E-B182076B6FD0}.Release|Any CPU.ActiveCfg = Release|Any CPU
		{ABB0D3D9-6D9C-4054-899E-B182076B6FD0}.Release|Any CPU.Build.0 = Release|Any CPU
	EndGlobalSection
	GlobalSection(SolutionProperties) = preSolution
		HideSolutionNode = FALSE
	EndGlobalSection
	GlobalSection(ExtensibilityGlobals) = postSolution
		SolutionGuid = {8336A258-275B-4ACF-8187-0913FBA656CC}
	EndGlobalSection
EndGlobal
